
Microsoft Visual Studio Solution File, Format Version 12.00
# Visual Studio Version 16
VisualStudioVersion = 16.0.30114.105
MinimumVisualStudioVersion = 10.0.40219.1
Project("{FAE04EC0-301F-11D3-BF4B-00C04F79EFBC}") = "API", "API\API.csproj", "{3E24A5B6-CAB0-4AFD-8CB4-2290CD866F7A}"
EndProject
Project("{FAE04EC0-301F-11D3-BF4B-00C04F79EFBC}") = "Infrastructure", "Infrastructure\Infrastructure.csproj", "{44DF2436-ECD5-4329-B8C1-BA729503EDB9}"
EndProject
Project("{FAE04EC0-301F-11D3-BF4B-00C04F79EFBC}") = "Core", "Core\Core.csproj", "{9FC5F0E9-6665-4354-92D8-3EC57C4F9616}"
EndProject
Global
	GlobalSection(SolutionConfigurationPlatforms) = preSolution
		Debug|Any CPU = Debug|Any CPU
		Release|Any CPU = Release|Any CPU
	EndGlobalSection
	GlobalSection(SolutionProperties) = preSolution
		HideSolutionNode = FALSE
	EndGlobalSection
	GlobalSection(ProjectConfigurationPlatforms) = postSolution
		{3E24A5B6-CAB0-4AFD-8CB4-2290CD866F7A}.Debug|Any CPU.ActiveCfg = Debug|Any CPU
		{3E24A5B6-CAB0-4AFD-8CB4-2290CD866F7A}.Debug|Any CPU.Build.0 = Debug|Any CPU
		{3E24A5B6-CAB0-4AFD-8CB4-2290CD866F7A}.Release|Any CPU.ActiveCfg = Release|Any CPU
		{3E24A5B6-CAB0-4AFD-8CB4-2290CD866F7A}.Release|Any CPU.Build.0 = Release|Any CPU
		{44DF2436-ECD5-4329-B8C1-BA729503EDB9}.Debug|Any CPU.ActiveCfg = Debug|Any CPU
		{44DF2436-ECD5-4329-B8C1-BA729503EDB9}.Debug|Any CPU.Build.0 = Debug|Any CPU
		{44DF2436-ECD5-4329-B8C1-BA729503EDB9}.Release|Any CPU.ActiveCfg = Release|Any CPU
		{44DF2436-ECD5-4329-B8C1-BA729503EDB9}.Release|Any CPU.Build.0 = Release|Any CPU
		{9FC5F0E9-6665-4354-92D8-3EC57C4F9616}.Debug|Any CPU.ActiveCfg = Debug|Any CPU
		{9FC5F0E9-6665-4354-92D8-3EC57C4F9616}.Debug|Any CPU.Build.0 = Debug|Any CPU
		{9FC5F0E9-6665-4354-92D8-3EC57C4F9616}.Release|Any CPU.ActiveCfg = Release|Any CPU
		{9FC5F0E9-6665-4354-92D8-3EC57C4F9616}.Release|Any CPU.Build.0 = Release|Any CPU
	EndGlobalSection
EndGlobal
